// !$*UTF8*$!
{
	archiveVersion = 1;
	classes = {
	};
	objectVersion = 56;
	objects = {

/* Begin PBXBuildFile section */
		AA1B1F8A2B0A00010012345A /* MyGardenApp.swift in Sources */ = {isa = PBXBuildFile; fileRef = AA1B1F892B0A00010012345A /* MyGardenApp.swift */; };
		AA1B1F8C2B0A00010012345A /* ContentView.swift in Sources */ = {isa = PBXBuildFile; fileRef = AA1B1F8B2B0A00010012345A /* ContentView.swift */; };
		AA1B1FA02B0A00030012345A /* Plant.swift in Sources */ = {isa = PBXBuildFile; fileRef = AA1B1F9F2B0A00030012345A /* Plant.swift */; };
		AA1B1FA22B0A00040012345A /* PlantCatalog.swift in Sources */ = {isa = PBXBuildFile; fileRef = AA1B1FA12B0A00040012345A /* PlantCatalog.swift */; };
		AA1B1FA42B0A00050012345A /* PlantRowView.swift in Sources */ = {isa = PBXBuildFile; fileRef = AA1B1FA32B0A00050012345A /* PlantRowView.swift */; };
		AA1B1FA62B0A00060012345A /* PlantListView.swift in Sources */ = {isa = PBXBuildFile; fileRef = AA1B1FA52B0A00060012345A /* PlantListView.swift */; };
		AA1B1FA82B0A00070012345A /* PlantDetailView.swift in Sources */ = {isa = PBXBuildFile; fileRef = AA1B1FA72B0A00070012345A /* PlantDetailView.swift */; };
		AA1B1FAA2B0A00080012345A /* WateringFrequency.swift in Sources */ = {isa = PBXBuildFile; fileRef = AA1B1FA92B0A00080012345A /* WateringFrequency.swift */; };
		AA1B1FAC2B0A00090012345A /* AddPlantView.swift in Sources */ = {isa = PBXBuildFile; fileRef = AA1B1FAB2B0A00090012345A /* AddPlantView.swift */; };
		AA1B1FAE2B0A000A0012345A /* PlantStore.swift in Sources */ = {isa = PBXBuildFile; fileRef = AA1B1FAD2B0A000A0012345A /* PlantStore.swift */; };
		AA1B1FB02B0A000B0012345A /* CareActivity.swift in Sources */ = {isa = PBXBuildFile; fileRef = AA1B1FAF2B0A000B0012345A /* CareActivity.swift */; };
		AA1B1FB22B0A000C0012345A /* AddActivityView.swift in Sources */ = {isa = PBXBuildFile; fileRef = AA1B1FB12B0A000C0012345A /* AddActivityView.swift */; };
		AA1B1FB42B0A000D0012345A /* ActivityTimelineView.swift in Sources */ = {isa = PBXBuildFile; fileRef = AA1B1FB32B0A000D0012345A /* ActivityTimelineView.swift */; };
		AA1B1FB62B0A000E0012345A /* PhotoManager.swift in Sources */ = {isa = PBXBuildFile; fileRef = AA1B1FB52B0A000E0012345A /* PhotoManager.swift */; };
		AA1B1FB82B0A000F0012345A /* PlantPhotoView.swift in Sources */ = {isa = PBXBuildFile; fileRef = AA1B1FB72B0A000F0012345A /* PlantPhotoView.swift */; };
		AA1B1FBA2B0A00100012345A /* CameraView.swift in Sources */ = {isa = PBXBuildFile; fileRef = AA1B1FB92B0A00100012345A /* CameraView.swift */; };
		AA1B1FBC2B0A00110012345A /* PhotoSourcePicker.swift in Sources */ = {isa = PBXBuildFile; fileRef = AA1B1FBB2B0A00110012345A /* PhotoSourcePicker.swift */; };
		AA1B1FBE2B0A00120012345A /* NotificationManager.swift in Sources */ = {isa = PBXBuildFile; fileRef = AA1B1FBD2B0A00120012345A /* NotificationManager.swift */; };
		AA1B1FC02B0A00130012345A /* SettingsView.swift in Sources */ = {isa = PBXBuildFile; fileRef = AA1B1FBF2B0A00130012345A /* SettingsView.swift */; };
		AA1B1FC22B0A00140012345A /* ActivityFeedView.swift in Sources */ = {isa = PBXBuildFile; fileRef = AA1B1FC12B0A00140012345A /* ActivityFeedView.swift */; };
		AA1B1FC42B0A00150012345A /* EditPlantView.swift in Sources */ = {isa = PBXBuildFile; fileRef = AA1B1FC32B0A00150012345A /* EditPlantView.swift */; };
		AA1B1FC62B0A00160012345A /* GardenMapView.swift in Sources */ = {isa = PBXBuildFile; fileRef = AA1B1FC52B0A00160012345A /* GardenMapView.swift */; };
		AA1B1FC82B0A00170012345A /* WeatherManager.swift in Sources */ = {isa = PBXBuildFile; fileRef = AA1B1FC72B0A00170012345A /* WeatherManager.swift */; };
		AA1B1FCA2B0A00180012345A /* WeatherAnimationView.swift in Sources */ = {isa = PBXBuildFile; fileRef = AA1B1FC92B0A00180012345A /* WeatherAnimationView.swift */; };
		AA1B1F8E2B0A00020012345A /* Assets.xcassets in Resources */ = {isa = PBXBuildFile; fileRef = AA1B1F8D2B0A00020012345A /* Assets.xcassets */; };
		AA1B1F912B0A00020012345A /* Preview Assets.xcassets in Resources */ = {isa = PBXBuildFile; fileRef = AA1B1F902B0A00020012345A /* Preview Assets.xcassets */; };
/* End PBXBuildFile section */

/* Begin PBXFileReference section */
		AA1B1F862B0A00010012345A /* MyGarden.app */ = {isa = PBXFileReference; explicitFileType = wrapper.application; includeInIndex = 0; path = MyGarden.app; sourceTree = BUILT_PRODUCTS_DIR; };
		AA1B1F892B0A00010012345A /* MyGardenApp.swift */ = {isa = PBXFileReference; lastKnownFileType = sourcecode.swift; path = MyGardenApp.swift; sourceTree = "<group>"; };
		AA1B1F8B2B0A00010012345A /* ContentView.swift */ = {isa = PBXFileReference; lastKnownFileType = sourcecode.swift; path = ContentView.swift; sourceTree = "<group>"; };
		AA1B1F8D2B0A00020012345A /* Assets.xcassets */ = {isa = PBXFileReference; lastKnownFileType = folder.assetcatalog; path = Assets.xcassets; sourceTree = "<group>"; };
		AA1B1F902B0A00020012345A /* Preview Assets.xcassets */ = {isa = PBXFileReference; lastKnownFileType = folder.assetcatalog; path = "Preview Assets.xcassets"; sourceTree = "<group>"; };
		AA1B1F9F2B0A00030012345A /* Plant.swift */ = {isa = PBXFileReference; lastKnownFileType = sourcecode.swift; path = Plant.swift; sourceTree = "<group>"; };
		AA1B1FA12B0A00040012345A /* PlantCatalog.swift */ = {isa = PBXFileReference; lastKnownFileType = sourcecode.swift; path = PlantCatalog.swift; sourceTree = "<group>"; };
		AA1B1FA32B0A00050012345A /* PlantRowView.swift */ = {isa = PBXFileReference; lastKnownFileType = sourcecode.swift; path = PlantRowView.swift; sourceTree = "<group>"; };
		AA1B1FA52B0A00060012345A /* PlantListView.swift */ = {isa = PBXFileReference; lastKnownFileType = sourcecode.swift; path = PlantListView.swift; sourceTree = "<group>"; };
		AA1B1FA72B0A00070012345A /* PlantDetailView.swift */ = {isa = PBXFileReference; lastKnownFileType = sourcecode.swift; path = PlantDetailView.swift; sourceTree = "<group>"; };
		AA1B1FA92B0A00080012345A /* WateringFrequency.swift */ = {isa = PBXFileReference; lastKnownFileType = sourcecode.swift; path = WateringFrequency.swift; sourceTree = "<group>"; };
		AA1B1FAB2B0A00090012345A /* AddPlantView.swift */ = {isa = PBXFileReference; lastKnownFileType = sourcecode.swift; path = AddPlantView.swift; sourceTree = "<group>"; };
		AA1B1FAD2B0A000A0012345A /* PlantStore.swift */ = {isa = PBXFileReference; lastKnownFileType = sourcecode.swift; path = PlantStore.swift; sourceTree = "<group>"; };
		AA1B1FAF2B0A000B0012345A /* CareActivity.swift */ = {isa = PBXFileReference; lastKnownFileType = sourcecode.swift; path = CareActivity.swift; sourceTree = "<group>"; };
		AA1B1FB12B0A000C0012345A /* AddActivityView.swift */ = {isa = PBXFileReference; lastKnownFileType = sourcecode.swift; path = AddActivityView.swift; sourceTree = "<group>"; };
		AA1B1FB32B0A000D0012345A /* ActivityTimelineView.swift */ = {isa = PBXFileReference; lastKnownFileType = sourcecode.swift; path = ActivityTimelineView.swift; sourceTree = "<group>"; };
		AA1B1FB52B0A000E0012345A /* PhotoManager.swift */ = {isa = PBXFileReference; lastKnownFileType = sourcecode.swift; path = PhotoManager.swift; sourceTree = "<group>"; };
		AA1B1FB72B0A000F0012345A /* PlantPhotoView.swift */ = {isa = PBXFileReference; lastKnownFileType = sourcecode.swift; path = PlantPhotoView.swift; sourceTree = "<group>"; };
		AA1B1FB92B0A00100012345A /* CameraView.swift */ = {isa = PBXFileReference; lastKnownFileType = sourcecode.swift; path = CameraView.swift; sourceTree = "<group>"; };
		AA1B1FBB2B0A00110012345A /* PhotoSourcePicker.swift */ = {isa = PBXFileReference; lastKnownFileType = sourcecode.swift; path = PhotoSourcePicker.swift; sourceTree = "<group>"; };
		AA1B1FBD2B0A00120012345A /* NotificationManager.swift */ = {isa = PBXFileReference; lastKnownFileType = sourcecode.swift; path = NotificationManager.swift; sourceTree = "<group>"; };
		AA1B1FBF2B0A00130012345A /* SettingsView.swift */ = {isa = PBXFileReference; lastKnownFileType = sourcecode.swift; path = SettingsView.swift; sourceTree = "<group>"; };
		AA1B1FC12B0A00140012345A /* ActivityFeedView.swift */ = {isa = PBXFileReference; lastKnownFileType = sourcecode.swift; path = ActivityFeedView.swift; sourceTree = "<group>"; };
		AA1B1FC32B0A00150012345A /* EditPlantView.swift */ = {isa = PBXFileReference; lastKnownFileType = sourcecode.swift; path = EditPlantView.swift; sourceTree = "<group>"; };
		AA1B1FC52B0A00160012345A /* GardenMapView.swift */ = {isa = PBXFileReference; lastKnownFileType = sourcecode.swift; path = GardenMapView.swift; sourceTree = "<group>"; };
		AA1B1FC72B0A00170012345A /* WeatherManager.swift */ = {isa = PBXFileReference; lastKnownFileType = sourcecode.swift; path = WeatherManager.swift; sourceTree = "<group>"; };
		AA1B1FC92B0A00180012345A /* WeatherAnimationView.swift */ = {isa = PBXFileReference; lastKnownFileType = sourcecode.swift; path = WeatherAnimationView.swift; sourceTree = "<group>"; };
/* End PBXFileReference section */

/* Begin PBXFrameworksBuildPhase section */
		AA1B1F832B0A00010012345A /* Frameworks */ = {
			isa = PBXFrameworksBuildPhase;
			buildActionMask = 2147483647;
			files = (
			);
			runOnlyForDeploymentPostprocessing = 0;
		};
/* End PBXFrameworksBuildPhase section */

/* Begin PBXGroup section */
		AA1B1F7D2B0A00010012345A = {
			isa = PBXGroup;
			children = (
				AA1B1F882B0A00010012345A /* MyGarden */,
				AA1B1F872B0A00010012345A /* Products */,
			);
			sourceTree = "<group>";
		};
		AA1B1F872B0A00010012345A /* Products */ = {
			isa = PBXGroup;
			children = (
				AA1B1F862B0A00010012345A /* MyGarden.app */,
			);
			name = Products;
			sourceTree = "<group>";
		};
		AA1B1F882B0A00010012345A /* MyGarden */ = {
			isa = PBXGroup;
			children = (
				AA1B1F892B0A00010012345A /* MyGardenApp.swift */,
				AA1B1F8B2B0A00010012345A /* ContentView.swift */,
				AA1B1F9F2B0A00030012345A /* Plant.swift */,
				AA1B1FA12B0A00040012345A /* PlantCatalog.swift */,
				AA1B1FA32B0A00050012345A /* PlantRowView.swift */,
				AA1B1FA52B0A00060012345A /* PlantListView.swift */,
				AA1B1FA72B0A00070012345A /* PlantDetailView.swift */,
				AA1B1FA92B0A00080012345A /* WateringFrequency.swift */,
				AA1B1FAB2B0A00090012345A /* AddPlantView.swift */,
				AA1B1FAD2B0A000A0012345A /* PlantStore.swift */,
				AA1B1FAF2B0A000B0012345A /* CareActivity.swift */,
				AA1B1FB12B0A000C0012345A /* AddActivityView.swift */,
				AA1B1FB32B0A000D0012345A /* ActivityTimelineView.swift */,
				AA1B1FB52B0A000E0012345A /* PhotoManager.swift */,
				AA1B1FB72B0A000F0012345A /* PlantPhotoView.swift */,
				AA1B1FB92B0A00100012345A /* CameraView.swift */,
				AA1B1FBB2B0A00110012345A /* PhotoSourcePicker.swift */,
				AA1B1FBD2B0A00120012345A /* NotificationManager.swift */,
				AA1B1FBF2B0A00130012345A /* SettingsView.swift */,
				AA1B1FC12B0A00140012345A /* ActivityFeedView.swift */,
				AA1B1FC32B0A00150012345A /* EditPlantView.swift */,
				AA1B1FC52B0A00160012345A /* GardenMapView.swift */,
				AA1B1FC72B0A00170012345A /* WeatherManager.swift */,
				AA1B1FC92B0A00180012345A /* WeatherAnimationView.swift */,
				AA1B1F8D2B0A00020012345A /* Assets.xcassets */,
				AA1B1F8F2B0A00020012345A /* Preview Content */,
			);
			path = MyGarden;
			sourceTree = "<group>";
		};
		AA1B1F8F2B0A00020012345A /* Preview Content */ = {
			isa = PBXGroup;
			children = (
				AA1B1F902B0A00020012345A /* Preview Assets.xcassets */,
			);
			path = "Preview Content";
			sourceTree = "<group>";
		};
/* End PBXGroup section */

/* Begin PBXNativeTarget section */
		AA1B1F852B0A00010012345A /* MyGarden */ = {
			isa = PBXNativeTarget;
			buildConfigurationList = AA1B1F942B0A00020012345A /* Build configuration list for PBXNativeTarget "MyGarden" */;
			buildPhases = (
				AA1B1F822B0A00010012345A /* Sources */,
				AA1B1F832B0A00010012345A /* Frameworks */,
				AA1B1F842B0A00010012345A /* Resources */,
			);
			buildRules = (
			);
			dependencies = (
			);
			name = MyGarden;
			productName = MyGarden;
			productReference = AA1B1F862B0A00010012345A /* MyGarden.app */;
			productType = "com.apple.product-type.application";
		};
/* End PBXNativeTarget section */

/* Begin PBXProject section */
		AA1B1F7E2B0A00010012345A /* Project object */ = {
			isa = PBXProject;
			attributes = {
				BuildIndependentTargetsInParallel = 1;
				LastSwiftUpdateCheck = 1500;
				LastUpgradeCheck = 1500;
				TargetAttributes = {
					AA1B1F852B0A00010012345A = {
						CreatedOnToolsVersion = 15.0;
					};
				};
			};
			buildConfigurationList = AA1B1F812B0A00010012345A /* Build configuration list for PBXProject "MyGarden" */;
			compatibilityVersion = "Xcode 14.0";
			developmentRegion = en;
			hasScannedForEncodings = 0;
			knownRegions = (
				en,
				Base,
			);
			mainGroup = AA1B1F7D2B0A00010012345A;
			productRefGroup = AA1B1F872B0A00010012345A /* Products */;
			projectDirPath = "";
			projectRoot = "";
			targets = (
				AA1B1F852B0A00010012345A /* MyGarden */,
			);
		};
/* End PBXProject section */

/* Begin PBXResourcesBuildPhase section */
		AA1B1F842B0A00010012345A /* Resources */ = {
			isa = PBXResourcesBuildPhase;
			buildActionMask = 2147483647;
			files = (
				AA1B1F912B0A00020012345A /* Preview Assets.xcassets in Resources */,
				AA1B1F8E2B0A00020012345A /* Assets.xcassets in Resources */,
			);
			runOnlyForDeploymentPostprocessing = 0;
		};
/* End PBXResourcesBuildPhase section */

/* Begin PBXSourcesBuildPhase section */
		AA1B1F822B0A00010012345A /* Sources */ = {
			isa = PBXSourcesBuildPhase;
			buildActionMask = 2147483647;
			files = (
				AA1B1F8C2B0A00010012345A /* ContentView.swift in Sources */,
				AA1B1F8A2B0A00010012345A /* MyGardenApp.swift in Sources */,
				AA1B1FA02B0A00030012345A /* Plant.swift in Sources */,
				AA1B1FA22B0A00040012345A /* PlantCatalog.swift in Sources */,
				AA1B1FA42B0A00050012345A /* PlantRowView.swift in Sources */,
				AA1B1FA62B0A00060012345A /* PlantListView.swift in Sources */,
				AA1B1FA82B0A00070012345A /* PlantDetailView.swift in Sources */,
				AA1B1FAA2B0A00080012345A /* WateringFrequency.swift in Sources */,
				AA1B1FAC2B0A00090012345A /* AddPlantView.swift in Sources */,
				AA1B1FAE2B0A000A0012345A /* PlantStore.swift in Sources */,
				AA1B1FB02B0A000B0012345A /* CareActivity.swift in Sources */,
				AA1B1FB22B0A000C0012345A /* AddActivityView.swift in Sources */,
				AA1B1FB42B0A000D0012345A /* ActivityTimelineView.swift in Sources */,
				AA1B1FB62B0A000E0012345A /* PhotoManager.swift in Sources */,
				AA1B1FB82B0A000F0012345A /* PlantPhotoView.swift in Sources */,
				AA1B1FBA2B0A00100012345A /* CameraView.swift in Sources */,
				AA1B1FBC2B0A00110012345A /* PhotoSourcePicker.swift in Sources */,
				AA1B1FBE2B0A00120012345A /* NotificationManager.swift in Sources */,
				AA1B1FC02B0A00130012345A /* SettingsView.swift in Sources */,
				AA1B1FC22B0A00140012345A /* ActivityFeedView.swift in Sources */,
				AA1B1FC42B0A00150012345A /* EditPlantView.swift in Sources */,
				AA1B1FC62B0A00160012345A /* GardenMapView.swift in Sources */,
				AA1B1FC82B0A00170012345A /* WeatherManager.swift in Sources */,
				AA1B1FCA2B0A00180012345A /* WeatherAnimationView.swift in Sources */,
			);
			runOnlyForDeploymentPostprocessing = 0;
		};
/* End PBXSourcesBuildPhase section */

/* Begin XCBuildConfiguration section */
		AA1B1F922B0A00020012345A /* Debug */ = {
			isa = XCBuildConfiguration;
			buildSettings = {
				ALWAYS_SEARCH_USER_PATHS = NO;
				ASSETCATALOG_COMPILER_GENERATE_SWIFT_ASSET_SYMBOL_EXTENSIONS = YES;
				CLANG_ANALYZER_NONNULL = YES;
				CLANG_ANALYZER_NUMBER_OBJECT_CONVERSION = YES_AGGRESSIVE;
				CLANG_CXX_LANGUAGE_STANDARD = "gnu++20";
				CLANG_ENABLE_MODULES = YES;
				CLANG_ENABLE_OBJC_ARC = YES;
				CLANG_ENABLE_OBJC_WEAK = YES;
				CLANG_WARN_BLOCK_CAPTURE_AUTORELEASING = YES;
				CLANG_WARN_BOOL_CONVERSION = YES;
				CLANG_WARN_COMMA = YES;
				CLANG_WARN_CONSTANT_CONVERSION = YES;
				CLANG_WARN_DEPRECATED_OBJC_IMPLEMENTATIONS = YES;
				CLANG_WARN_DIRECT_OBJC_ISA_USAGE = YES_ERROR;
				CLANG_WARN_DOCUMENTATION_COMMENTS = YES;
				CLANG_WARN_EMPTY_BODY = YES;
				CLANG_WARN_ENUM_CONVERSION = YES;
				CLANG_WARN_INFINITE_RECURSION = YES;
				CLANG_WARN_INT_CONVERSION = YES;
				CLANG_WARN_NON_LITERAL_NULL_CONVERSION = YES;
				CLANG_WARN_OBJC_IMPLICIT_RETAIN_SELF = YES;
				CLANG_WARN_OBJC_LITERAL_CONVERSION = YES;
				CLANG_WARN_OBJC_ROOT_CLASS = YES_ERROR;
				CLANG_WARN_QUOTED_INCLUDE_IN_FRAMEWORK_HEADER = YES;
				CLANG_WARN_RANGE_LOOP_ANALYSIS = YES;
				CLANG_WARN_STRICT_PROTOTYPES = YES;
				CLANG_WARN_SUSPICIOUS_MOVE = YES;
				CLANG_WARN_UNGUARDED_AVAILABILITY = YES_AGGRESSIVE;
				CLANG_WARN_UNREACHABLE_CODE = YES;
				CLANG_WARN__DUPLICATE_METHOD_MATCH = YES;
				COPY_PHASE_STRIP = NO;
				DEBUG_INFORMATION_FORMAT = dwarf;
				ENABLE_STRICT_OBJC_MSGSEND = YES;
				ENABLE_TESTABILITY = YES;
				ENABLE_USER_SCRIPT_SANDBOXING = YES;
				GCC_C_LANGUAGE_STANDARD = gnu17;
				GCC_DYNAMIC_NO_PIC = NO;
				GCC_NO_COMMON_BLOCKS = YES;
				GCC_OPTIMIZATION_LEVEL = 0;
				GCC_PREPROCESSOR_DEFINITIONS = (
					"DEBUG=1",
					"$(inherited)",
				);
				GCC_WARN_64_TO_32_BIT_CONVERSION = YES;
				GCC_WARN_ABOUT_RETURN_TYPE = YES_ERROR;
				GCC_WARN_UNDECLARED_SELECTOR = YES;
				GCC_WARN_UNINITIALIZED_AUTOS = YES_AGGRESSIVE;
				GCC_WARN_UNUSED_FUNCTION = YES;
				GCC_WARN_UNUSED_VARIABLE = YES;
				IPHONEOS_DEPLOYMENT_TARGET = 17.0;
				LOCALIZATION_PREFERS_STRING_CATALOGS = YES;
				MTL_ENABLE_DEBUG_INFO = INCLUDE_SOURCE;
				MTL_FAST_MATH = YES;
				ONLY_ACTIVE_ARCH = YES;
				SDKROOT = iphoneos;
				SWIFT_ACTIVE_COMPILATION_CONDITIONS = "DEBUG $(inherited)";
				SWIFT_OPTIMIZATION_LEVEL = "-Onone";
			};
			name = Debug;
		};
		AA1B1F932B0A00020012345A /* Release */ = {
			isa = XCBuildConfiguration;
			buildSettings = {
				ALWAYS_SEARCH_USER_PATHS = NO;
				ASSETCATALOG_COMPILER_GENERATE_SWIFT_ASSET_SYMBOL_EXTENSIONS = YES;
				CLANG_ANALYZER_NONNULL = YES;
				CLANG_ANALYZER_NUMBER_OBJECT_CONVERSION = YES_AGGRESSIVE;
				CLANG_CXX_LANGUAGE_STANDARD = "gnu++20";
				CLANG_ENABLE_MODULES = YES;
				CLANG_ENABLE_OBJC_ARC = YES;
				CLANG_ENABLE_OBJC_WEAK = YES;
				CLANG_WARN_BLOCK_CAPTURE_AUTORELEASING = YES;
				CLANG_WARN_BOOL_CONVERSION = YES;
				CLANG_WARN_COMMA = YES;
				CLANG_WARN_CONSTANT_CONVERSION = YES;
				CLANG_WARN_DEPRECATED_OBJC_IMPLEMENTATIONS = YES;
				CLANG_WARN_DIRECT_OBJC_ISA_USAGE = YES_ERROR;
				CLANG_WARN_DOCUMENTATION_COMMENTS = YES;
				CLANG_WARN_EMPTY_BODY = YES;
				CLANG_WARN_ENUM_CONVERSION = YES;
				CLANG_WARN_INFINITE_RECURSION = YES;
				CLANG_WARN_INT_CONVERSION = YES;
				CLANG_WARN_NON_LITERAL_NULL_CONVERSION = YES;
				CLANG_WARN_OBJC_IMPLICIT_RETAIN_SELF = YES;
				CLANG_WARN_OBJC_LITERAL_CONVERSION = YES;
				CLANG_WARN_OBJC_ROOT_CLASS = YES_ERROR;
				CLANG_WARN_QUOTED_INCLUDE_IN_FRAMEWORK_HEADER = YES;
				CLANG_WARN_RANGE_LOOP_ANALYSIS = YES;
				CLANG_WARN_STRICT_PROTOTYPES = YES;
				CLANG_WARN_SUSPICIOUS_MOVE = YES;
				CLANG_WARN_UNGUARDED_AVAILABILITY = YES_AGGRESSIVE;
				CLANG_WARN_UNREACHABLE_CODE = YES;
				CLANG_WARN__DUPLICATE_METHOD_MATCH = YES;
				COPY_PHASE_STRIP = NO;
				DEBUG_INFORMATION_FORMAT = "dwarf-with-dsym";
				ENABLE_NS_ASSERTIONS = NO;
				ENABLE_STRICT_OBJC_MSGSEND = YES;
				ENABLE_USER_SCRIPT_SANDBOXING = YES;
				GCC_C_LANGUAGE_STANDARD = gnu17;
				GCC_NO_COMMON_BLOCKS = YES;
				GCC_WARN_64_TO_32_BIT_CONVERSION = YES;
				GCC_WARN_ABOUT_RETURN_TYPE = YES_ERROR;
				GCC_WARN_UNDECLARED_SELECTOR = YES;
				GCC_WARN_UNINITIALIZED_AUTOS = YES_AGGRESSIVE;
				GCC_WARN_UNUSED_FUNCTION = YES;
				GCC_WARN_UNUSED_VARIABLE = YES;
				IPHONEOS_DEPLOYMENT_TARGET = 17.0;
				LOCALIZATION_PREFERS_STRING_CATALOGS = YES;
				MTL_ENABLE_DEBUG_INFO = NO;
				MTL_FAST_MATH = YES;
				SDKROOT = iphoneos;
				SWIFT_COMPILATION_MODE = wholemodule;
				VALIDATE_PRODUCT = YES;
			};
			name = Release;
		};
		AA1B1F952B0A00020012345A /* Debug */ = {
			isa = XCBuildConfiguration;
			buildSettings = {
				ASSETCATALOG_COMPILER_APPICON_NAME = AppIcon;
				ASSETCATALOG_COMPILER_GLOBAL_ACCENT_COLOR_NAME = AccentColor;
				CODE_SIGN_STYLE = Automatic;
				CURRENT_PROJECT_VERSION = 1;
				DEVELOPMENT_ASSET_PATHS = "\"MyGarden/Preview Content\"";
				ENABLE_PREVIEWS = YES;
				GENERATE_INFOPLIST_FILE = YES;
				INFOPLIST_KEY_NSCameraUsageDescription = "MyGarden needs camera access to take photos of your plants and gardening activities.";
				INFOPLIST_KEY_UIApplicationSceneManifest_Generation = YES;
				INFOPLIST_KEY_UIApplicationSupportsIndirectInputEvents = YES;
				INFOPLIST_KEY_UILaunchScreen_Generation = YES;
				INFOPLIST_KEY_UISupportedInterfaceOrientations_iPad = "UIInterfaceOrientationPortrait UIInterfaceOrientationPortraitUpsideDown UIInterfaceOrientationLandscapeLeft UIInterfaceOrientationLandscapeRight";
				INFOPLIST_KEY_UISupportedInterfaceOrientations_iPhone = "UIInterfaceOrientationPortrait UIInterfaceOrientationLandscapeLeft UIInterfaceOrientationLandscapeRight";
				LD_RUNPATH_SEARCH_PATHS = (
					"$(inherited)",
					"@executable_path/Frameworks",
				);
				MARKETING_VERSION = 1.0;
				PRODUCT_BUNDLE_IDENTIFIER = com.netero13.MyGarden;
				PRODUCT_NAME = "$(TARGET_NAME)";
				SWIFT_EMIT_LOC_STRINGS = YES;
				SWIFT_VERSION = 5.0;
				TARGETED_DEVICE_FAMILY = "1,2";
			};
			name = Debug;
		};
		AA1B1F962B0A00020012345A /* Release */ = {
			isa = XCBuildConfiguration;
			buildSettings = {
				ASSETCATALOG_COMPILER_APPICON_NAME = AppIcon;
				ASSETCATALOG_COMPILER_GLOBAL_ACCENT_COLOR_NAME = AccentColor;
				CODE_SIGN_STYLE = Automatic;
				CURRENT_PROJECT_VERSION = 1;
				DEVELOPMENT_ASSET_PATHS = "\"MyGarden/Preview Content\"";
				ENABLE_PREVIEWS = YES;
				GENERATE_INFOPLIST_FILE = YES;
				INFOPLIST_KEY_NSCameraUsageDescription = "MyGarden needs camera access to take photos of your plants and gardening activities.";
				INFOPLIST_KEY_UIApplicationSceneManifest_Generation = YES;
				INFOPLIST_KEY_UIApplicationSupportsIndirectInputEvents = YES;
				INFOPLIST_KEY_UILaunchScreen_Generation = YES;
				INFOPLIST_KEY_UISupportedInterfaceOrientations_iPad = "UIInterfaceOrientationPortrait UIInterfaceOrientationPortraitUpsideDown UIInterfaceOrientationLandscapeLeft UIInterfaceOrientationLandscapeRight";
				INFOPLIST_KEY_UISupportedInterfaceOrientations_iPhone = "UIInterfaceOrientationPortrait UIInterfaceOrientationLandscapeLeft UIInterfaceOrientationLandscapeRight";
				LD_RUNPATH_SEARCH_PATHS = (
					"$(inherited)",
					"@executable_path/Frameworks",
				);
				MARKETING_VERSION = 1.0;
				PRODUCT_BUNDLE_IDENTIFIER = com.netero13.MyGarden;
				PRODUCT_NAME = "$(TARGET_NAME)";
				SWIFT_EMIT_LOC_STRINGS = YES;
				SWIFT_VERSION = 5.0;
				TARGETED_DEVICE_FAMILY = "1,2";
			};
			name = Release;
		};
/* End XCBuildConfiguration section */

/* Begin XCConfigurationList section */
		AA1B1F812B0A00010012345A /* Build configuration list for PBXProject "MyGarden" */ = {
			isa = XCConfigurationList;
			buildConfigurations = (
				AA1B1F922B0A00020012345A /* Debug */,
				AA1B1F932B0A00020012345A /* Release */,
			);
			defaultConfigurationIsVisible = 0;
			defaultConfigurationName = Release;
		};
		AA1B1F942B0A00020012345A /* Build configuration list for PBXNativeTarget "MyGarden" */ = {
			isa = XCConfigurationList;
			buildConfigurations = (
				AA1B1F952B0A00020012345A /* Debug */,
				AA1B1F962B0A00020012345A /* Release */,
			);
			defaultConfigurationIsVisible = 0;
			defaultConfigurationName = Release;
		};
/* End XCConfigurationList section */

	};
	rootObject = AA1B1F7E2B0A00010012345A /* Project object */;
}
